
Microsoft Visual Studio Solution File, Format Version 12.00
# Visual Studio Version 16
VisualStudioVersion = 16.0.29020.237
MinimumVisualStudioVersion = 10.0.40219.1
Project("{9A19103F-16F7-4668-BE54-9A1E7A4F7556}") = "GraphQLDemo", "GraphQLDemo\GraphQLDemo.csproj", "{14B40ADD-7816-407E-A03E-738941950777}"
EndProject
Project("{FAE04EC0-301F-11D3-BF4B-00C04F79EFBC}") = "GraphQLClient", "GraphQLClient\GraphQLClient.csproj", "{B2874196-2738-4625-8A3F-805C2EB47D47}"
EndProject
Global
	GlobalSection(SolutionConfigurationPlatforms) = preSolution
		Debug|Any CPU = Debug|Any CPU
		Release|Any CPU = Release|Any CPU
	EndGlobalSection
	GlobalSection(ProjectConfigurationPlatforms) = postSolution
		{14B40ADD-7816-407E-A03E-738941950777}.Debug|Any CPU.ActiveCfg = Debug|Any CPU
		{14B40ADD-7816-407E-A03E-738941950777}.Debug|Any CPU.Build.0 = Debug|Any CPU
		{14B40ADD-7816-407E-A03E-738941950777}.Release|Any CPU.ActiveCfg = Release|Any CPU
		{14B40ADD-7816-407E-A03E-738941950777}.Release|Any CPU.Build.0 = Release|Any CPU
		{B2874196-2738-4625-8A3F-805C2EB47D47}.Debug|Any CPU.ActiveCfg = Debug|Any CPU
		{B2874196-2738-4625-8A3F-805C2EB47D47}.Debug|Any CPU.Build.0 = Debug|Any CPU
		{B2874196-2738-4625-8A3F-805C2EB47D47}.Release|Any CPU.ActiveCfg = Release|Any CPU
		{B2874196-2738-4625-8A3F-805C2EB47D47}.Release|Any CPU.Build.0 = Release|Any CPU
	EndGlobalSection
	GlobalSection(SolutionProperties) = preSolution
		HideSolutionNode = FALSE
	EndGlobalSection
	GlobalSection(ExtensibilityGlobals) = postSolution
		SolutionGuid = {07350A23-FE8F-40E0-968F-E20342150909}
	EndGlobalSection
EndGlobal
